{
  "name": "stock-ts",
  "version": "1.0.0",
  "lockfileVersion": 3,
  "requires": true,
  "packages": {
    "": {
      "name": "stock-ts",
      "version": "1.0.0",
      "dependencies": {
        "@typescript/native-preview": "^7.0.0-dev.20250916.1",
        "xlsx": "https://cdn.sheetjs.com/xlsx-0.20.3/xlsx-0.20.3.tgz"
      },
      "devDependencies": {
        "@types/node": "^24.5.1"
      }
    },
    "node_modules/@types/node": {
      "version": "24.5.1",
      "resolved": "https://registry.npmjs.org/@types/node/-/node-24.5.1.tgz",
      "integrity": "sha512-/SQdmUP2xa+1rdx7VwB9yPq8PaKej8TD5cQ+XfKDPWWC+VDJU4rvVVagXqKUzhKjtFoNA8rXDJAkCxQPAe00+Q==",
      "dev": true,
      "license": "MIT",
      "dependencies": {
        "undici-types": "~7.12.0"
      }
    },
    "node_modules/@typescript/native-preview": {
      "version": "7.0.0-dev.20250916.1",
      "resolved": "https://registry.npmjs.org/@typescript/native-preview/-/native-preview-7.0.0-dev.20250916.1.tgz",
      "integrity": "sha512-i9FKJWV1SMpc9YtTYimB23ERduB/udyijD2XAeOjOCV+5gzBWPc2A6lQrfhRDGHDV2NEMKRr4bTSuQ8Ptnh2EQ==",
      "license": "Apache-2.0",
      "bin": {
        "tsgo": "bin/tsgo.js"
      },
      "optionalDependencies": {
        "@typescript/native-preview-darwin-arm64": "7.0.0-dev.20250916.1",
        "@typescript/native-preview-darwin-x64": "7.0.0-dev.20250916.1",
        "@typescript/native-preview-linux-arm": "7.0.0-dev.20250916.1",
        "@typescript/native-preview-linux-arm64": "7.0.0-dev.20250916.1",
        "@typescript/native-preview-linux-x64": "7.0.0-dev.20250916.1",
        "@typescript/native-preview-win32-arm64": "7.0.0-dev.20250916.1",
        "@typescript/native-preview-win32-x64": "7.0.0-dev.20250916.1"
      }
    },
    "node_modules/@typescript/native-preview-darwin-arm64": {
      "version": "7.0.0-dev.20250916.1",
      "resolved": "https://registry.npmjs.org/@typescript/native-preview-darwin-arm64/-/native-preview-darwin-arm64-7.0.0-dev.20250916.1.tgz",
      "integrity": "sha512-h0OMrJItE0KH0jXsrFcLSFpbLGUxkQ09oXrcvX9h93G2T1zxKVCl1i56ukDq4NT68qOBHwMIVqflttbTWRxN2g==",
      "cpu": [
        "arm64"
      ],
      "license": "Apache-2.0",
      "optional": true,
      "os": [
        "darwin"
      ]
    },
    "node_modules/@typescript/native-preview-darwin-x64": {
      "version": "7.0.0-dev.20250916.1",
      "resolved": "https://registry.npmjs.org/@typescript/native-preview-darwin-x64/-/native-preview-darwin-x64-7.0.0-dev.20250916.1.tgz",
      "integrity": "sha512-6Bxu3jvisyW/TiWKk2p3lbqVI/WzMcK5wIjzzfInketZRtS9ENQpkZ9Yw5Yx4JuOw7m/j69YCM9YPEQzqVh5Yw==",
      "cpu": [
        "x64"
      ],
      "license": "Apache-2.0",
      "optional": true,
      "os": [
        "darwin"
      ]
    },
    "node_modules/@typescript/native-preview-linux-arm": {
      "version": "7.0.0-dev.20250916.1",
      "resolved": "https://registry.npmjs.org/@typescript/native-preview-linux-arm/-/native-preview-linux-arm-7.0.0-dev.20250916.1.tgz",
      "integrity": "sha512-f2kxgRQe2FIAUQVmJT7/r4RJfxyj3mjfV747OkWqH/sIJNOj4JnVl4RIsY+JL8r99zlJidm/FuiBUeDcyp7qyA==",
      "cpu": [
        "arm"
      ],
      "license": "Apache-2.0",
      "optional": true,
      "os": [
        "linux"
      ]
    },
    "node_modules/@typescript/native-preview-linux-arm64": {
      "version": "7.0.0-dev.20250916.1",
      "resolved": "https://registry.npmjs.org/@typescript/native-preview-linux-arm64/-/native-preview-linux-arm64-7.0.0-dev.20250916.1.tgz",
      "integrity": "sha512-tEON0Hn5CTyB3GbMLxzlzl3gyIHO4Qj4gyfj327q27lCyZxQrANZRJidhUP57RBxejAQdTj/bLQMm30/py7SDw==",
      "cpu": [
        "arm64"
      ],
      "license": "Apache-2.0",
      "optional": true,
      "os": [
        "linux"
      ]
    },
    "node_modules/@typescript/native-preview-linux-x64": {
      "version": "7.0.0-dev.20250916.1",
      "resolved": "https://registry.npmjs.org/@typescript/native-preview-linux-x64/-/native-preview-linux-x64-7.0.0-dev.20250916.1.tgz",
      "integrity": "sha512-xIN1NNZhnp8CywGbjv2sMy/Y9yqiUrLPhaa1oK3aL8GFFDc56i2a9kHspy6sL60VZmqUizDMS4qsofavL63nbw==",
      "cpu": [
        "x64"
      ],
      "license": "Apache-2.0",
      "optional": true,
      "os": [
        "linux"
      ]
    },
    "node_modules/@typescript/native-preview-win32-arm64": {
      "version": "7.0.0-dev.20250916.1",
      "resolved": "https://registry.npmjs.org/@typescript/native-preview-win32-arm64/-/native-preview-win32-arm64-7.0.0-dev.20250916.1.tgz",
      "integrity": "sha512-lt4OgcGId11iDXghb3+sAP0U6BWtaJeKyAIs7d0BMBzF/wdR5isjnSDD1zLR/tqLom7WoupIkKMAoaVNO5GTmw==",
      "cpu": [
        "arm64"
      ],
      "license": "Apache-2.0",
      "optional": true,
      "os": [
        "win32"
      ]
    },
    "node_modules/@typescript/native-preview-win32-x64": {
      "version": "7.0.0-dev.20250916.1",
      "resolved": "https://registry.npmjs.org/@typescript/native-preview-win32-x64/-/native-preview-win32-x64-7.0.0-dev.20250916.1.tgz",
      "integrity": "sha512-xL2kkfgxljnNIQHuL5ENNF2K8weUJi5gY/BEdCwe5kpfeVljc+rq4V39X1LjEnj4NAU39h6O9zFImRdcghFnkQ==",
      "cpu": [
        "x64"
      ],
      "license": "Apache-2.0",
      "optional": true,
      "os": [
        "win32"
      ]
    },
    "node_modules/undici-types": {
      "version": "7.12.0",
      "resolved": "https://registry.npmjs.org/undici-types/-/undici-types-7.12.0.tgz",
      "integrity": "sha512-goOacqME2GYyOZZfb5Lgtu+1IDmAlAEu5xnD3+xTzS10hT0vzpf0SPjkXwAw9Jm+4n/mQGDP3LO8CPbYROeBfQ==",
      "dev": true,
      "license": "MIT"
    },
    "node_modules/xlsx": {
      "version": "0.20.3",
      "resolved": "https://cdn.sheetjs.com/xlsx-0.20.3/xlsx-0.20.3.tgz",
      "integrity": "sha512-oLDq3jw7AcLqKWH2AhCpVTZl8mf6X2YReP+Neh0SJUzV/BdZYjth94tG5toiMB1PPrYtxOCfaoUCkvtuH+3AJA==",
      "license": "Apache-2.0",
      "bin": {
        "xlsx": "bin/xlsx.njs"
      },
      "engines": {
        "node": ">=0.8"
      }
    }
  }
}
