{
  "name": "stock-ts",
  "version": "1.0.0",
  "lockfileVersion": 3,
  "requires": true,
  "packages": {
    "": {
      "name": "stock-ts",
      "version": "1.0.0",
      "dependencies": {
        "@typescript/native-preview": "^7.0.0-dev.20251004.1",
        "xlsx": "https://cdn.sheetjs.com/xlsx-0.20.3/xlsx-0.20.3.tgz"
      },
      "devDependencies": {
        "@types/node": "^24.5.1"
      }
    },
    "node_modules/@types/node": {
      "version": "24.5.1",
      "resolved": "https://registry.npmjs.org/@types/node/-/node-24.5.1.tgz",
      "integrity": "sha512-/SQdmUP2xa+1rdx7VwB9yPq8PaKej8TD5cQ+XfKDPWWC+VDJU4rvVVagXqKUzhKjtFoNA8rXDJAkCxQPAe00+Q==",
      "dev": true,
      "license": "MIT",
      "dependencies": {
        "undici-types": "~7.12.0"
      }
    },
    "node_modules/@typescript/native-preview": {
      "version": "7.0.0-dev.20251004.1",
      "resolved": "https://registry.npmjs.org/@typescript/native-preview/-/native-preview-7.0.0-dev.20251004.1.tgz",
      "integrity": "sha512-uCAShID+ZRYVkDXdabo+JNl57mhFoHGKqI8XmLup/cCIr1zmQXXBln/3qwZeUOR7zHHuTH2vyxwvuH+fj75d/Q==",
      "license": "Apache-2.0",
      "bin": {
        "tsgo": "bin/tsgo.js"
      },
      "optionalDependencies": {
        "@typescript/native-preview-darwin-arm64": "7.0.0-dev.20251004.1",
        "@typescript/native-preview-darwin-x64": "7.0.0-dev.20251004.1",
        "@typescript/native-preview-linux-arm": "7.0.0-dev.20251004.1",
        "@typescript/native-preview-linux-arm64": "7.0.0-dev.20251004.1",
        "@typescript/native-preview-linux-x64": "7.0.0-dev.20251004.1",
        "@typescript/native-preview-win32-arm64": "7.0.0-dev.20251004.1",
        "@typescript/native-preview-win32-x64": "7.0.0-dev.20251004.1"
      }
    },
    "node_modules/@typescript/native-preview-darwin-arm64": {
      "version": "7.0.0-dev.20251004.1",
      "resolved": "https://registry.npmjs.org/@typescript/native-preview-darwin-arm64/-/native-preview-darwin-arm64-7.0.0-dev.20251004.1.tgz",
      "integrity": "sha512-OosmY3QpIkBFQdglTWav/rqCkWF5EDJ694LUK3Wt2o1zLekev3DiLxysgAPjnxbDi0w8wBuZD/IVqBztfQjHZA==",
      "cpu": [
        "arm64"
      ],
      "license": "Apache-2.0",
      "optional": true,
      "os": [
        "darwin"
      ]
    },
    "node_modules/@typescript/native-preview-darwin-x64": {
      "version": "7.0.0-dev.20251004.1",
      "resolved": "https://registry.npmjs.org/@typescript/native-preview-darwin-x64/-/native-preview-darwin-x64-7.0.0-dev.20251004.1.tgz",
      "integrity": "sha512-58+j/G/bS2M6ZZ9TLZat39OsahkSpUVm3IIKolLsS/6/2Q3UiscDxoAL2XkjKuaEeCoyT0HewLiDR5pGEHhQjw==",
      "cpu": [
        "x64"
      ],
      "license": "Apache-2.0",
      "optional": true,
      "os": [
        "darwin"
      ]
    },
    "node_modules/@typescript/native-preview-linux-arm": {
      "version": "7.0.0-dev.20251004.1",
      "resolved": "https://registry.npmjs.org/@typescript/native-preview-linux-arm/-/native-preview-linux-arm-7.0.0-dev.20251004.1.tgz",
      "integrity": "sha512-dRy+Yp6dYJBRJf85i5YZiwA+aDAkt0+10pb158RndeBrmnNbcEhT9LC6YCIHNzHq+zXfNiOB9KCTJ9YHEUqPLg==",
      "cpu": [
        "arm"
      ],
      "license": "Apache-2.0",
      "optional": true,
      "os": [
        "linux"
      ]
    },
    "node_modules/@typescript/native-preview-linux-arm64": {
      "version": "7.0.0-dev.20251004.1",
      "resolved": "https://registry.npmjs.org/@typescript/native-preview-linux-arm64/-/native-preview-linux-arm64-7.0.0-dev.20251004.1.tgz",
      "integrity": "sha512-38ga8OcWpL1QDj22944hQbw9WkgXfh1dekwfqY9YTm4R6iQc8pZ6AbsLRCVlokpUjkhs60G4gpiMbcnXNAqfBA==",
      "cpu": [
        "arm64"
      ],
      "license": "Apache-2.0",
      "optional": true,
      "os": [
        "linux"
      ]
    },
    "node_modules/@typescript/native-preview-linux-x64": {
      "version": "7.0.0-dev.20251004.1",
      "resolved": "https://registry.npmjs.org/@typescript/native-preview-linux-x64/-/native-preview-linux-x64-7.0.0-dev.20251004.1.tgz",
      "integrity": "sha512-76dHMb5n74JlVFRxgrwnF6Vd3q6qZAkEDjMRGseHqo8bQrHYl+HpzPGk63el0JmBOd1V5i6b0PGsbsiuFqmviA==",
      "cpu": [
        "x64"
      ],
      "license": "Apache-2.0",
      "optional": true,
      "os": [
        "linux"
      ]
    },
    "node_modules/@typescript/native-preview-win32-arm64": {
      "version": "7.0.0-dev.20251004.1",
      "resolved": "https://registry.npmjs.org/@typescript/native-preview-win32-arm64/-/native-preview-win32-arm64-7.0.0-dev.20251004.1.tgz",
      "integrity": "sha512-PqRthf79nhVvOfzIo3Lhh5c6SlejMaoL5r7e9NOGkIE1uIpRk24Ovxllj3Ze3O0vRoTVZByvAxF7UskCB4R9JA==",
      "cpu": [
        "arm64"
      ],
      "license": "Apache-2.0",
      "optional": true,
      "os": [
        "win32"
      ]
    },
    "node_modules/@typescript/native-preview-win32-x64": {
      "version": "7.0.0-dev.20251004.1",
      "resolved": "https://registry.npmjs.org/@typescript/native-preview-win32-x64/-/native-preview-win32-x64-7.0.0-dev.20251004.1.tgz",
      "integrity": "sha512-Nvknqj59PzWUU8AjduNY9Xu9IlL8wYav4hlDLOOAZXPMcChLbow0TyQabhm930zD1pjU/6O1sa5mpQJyvhOs8Q==",
      "cpu": [
        "x64"
      ],
      "license": "Apache-2.0",
      "optional": true,
      "os": [
        "win32"
      ]
    },
    "node_modules/undici-types": {
      "version": "7.12.0",
      "resolved": "https://registry.npmjs.org/undici-types/-/undici-types-7.12.0.tgz",
      "integrity": "sha512-goOacqME2GYyOZZfb5Lgtu+1IDmAlAEu5xnD3+xTzS10hT0vzpf0SPjkXwAw9Jm+4n/mQGDP3LO8CPbYROeBfQ==",
      "dev": true,
      "license": "MIT"
    },
    "node_modules/xlsx": {
      "version": "0.20.3",
      "resolved": "https://cdn.sheetjs.com/xlsx-0.20.3/xlsx-0.20.3.tgz",
      "integrity": "sha512-oLDq3jw7AcLqKWH2AhCpVTZl8mf6X2YReP+Neh0SJUzV/BdZYjth94tG5toiMB1PPrYtxOCfaoUCkvtuH+3AJA==",
      "license": "Apache-2.0",
      "bin": {
        "xlsx": "bin/xlsx.njs"
      },
      "engines": {
        "node": ">=0.8"
      }
    }
  }
}
